
Microsoft Visual Studio Solution File, Format Version 12.00
# Visual Studio Version 17
VisualStudioVersion = 17.5.33414.496
MinimumVisualStudioVersion = 10.0.40219.1
Project("{FAE04EC0-301F-11D3-BF4B-00C04F79EFBC}") = "SceneHierarchyTute", "SceneHierarchyTute\SceneHierarchyTute.csproj", "{4E073B40-3402-4221-9E73-F0BE7F5E7E84}"
EndProject
Global
	GlobalSection(SolutionConfigurationPlatforms) = preSolution
		Debug|Any CPU = Debug|Any CPU
		Release|Any CPU = Release|Any CPU
	EndGlobalSection
	GlobalSection(ProjectConfigurationPlatforms) = postSolution
		{4E073B40-3402-4221-9E73-F0BE7F5E7E84}.Debug|Any CPU.ActiveCfg = Debug|Any CPU
		{4E073B40-3402-4221-9E73-F0BE7F5E7E84}.Debug|Any CPU.Build.0 = Debug|Any CPU
		{4E073B40-3402-4221-9E73-F0BE7F5E7E84}.Release|Any CPU.ActiveCfg = Release|Any CPU
		{4E073B40-3402-4221-9E73-F0BE7F5E7E84}.Release|Any CPU.Build.0 = Release|Any CPU
	EndGlobalSection
	GlobalSection(SolutionProperties) = preSolution
		HideSolutionNode = FALSE
	EndGlobalSection
	GlobalSection(ExtensibilityGlobals) = postSolution
		SolutionGuid = {04BE633E-497F-4CA5-9B7E-4A22948F69CB}
	EndGlobalSection
EndGlobal
